
Microsoft Visual Studio Solution File, Format Version 11.00
# Visual Studio 2010
Project("{FAE04EC0-301F-11D3-BF4B-00C04F79EFBC}") = "GUI", "GUI\GUI.csproj", "{15DAB2B4-6162-460E-8641-B12CE9FDD132}"
EndProject
Project("{FAE04EC0-301F-11D3-BF4B-00C04F79EFBC}") = "Game", "Game\Game.csproj", "{01AC9E45-2971-4D9E-818D-C19E3095CDB3}"
EndProject
Global
	GlobalSection(SolutionConfigurationPlatforms) = preSolution
		Debug|Any CPU = Debug|Any CPU
		Debug|Mixed Platforms = Debug|Mixed Platforms
		Debug|x86 = Debug|x86
		Release|Any CPU = Release|Any CPU
		Release|Mixed Platforms = Release|Mixed Platforms
		Release|x86 = Release|x86
	EndGlobalSection
	GlobalSection(ProjectConfigurationPlatforms) = postSolution
		{15DAB2B4-6162-460E-8641-B12CE9FDD132}.Debug|Any CPU.ActiveCfg = Debug|x86
		{15DAB2B4-6162-460E-8641-B12CE9FDD132}.Debug|Mixed Platforms.ActiveCfg = Debug|x86
		{15DAB2B4-6162-460E-8641-B12CE9FDD132}.Debug|Mixed Platforms.Build.0 = Debug|x86
		{15DAB2B4-6162-460E-8641-B12CE9FDD132}.Debug|x86.ActiveCfg = Debug|x86
		{15DAB2B4-6162-460E-8641-B12CE9FDD132}.Debug|x86.Build.0 = Debug|x86
		{15DAB2B4-6162-460E-8641-B12CE9FDD132}.Release|Any CPU.ActiveCfg = Release|x86
		{15DAB2B4-6162-460E-8641-B12CE9FDD132}.Release|Mixed Platforms.ActiveCfg = Release|x86
		{15DAB2B4-6162-460E-8641-B12CE9FDD132}.Release|Mixed Platforms.Build.0 = Release|x86
		{15DAB2B4-6162-460E-8641-B12CE9FDD132}.Release|x86.ActiveCfg = Release|x86
		{15DAB2B4-6162-460E-8641-B12CE9FDD132}.Release|x86.Build.0 = Release|x86
		{01AC9E45-2971-4D9E-818D-C19E3095CDB3}.Debug|Any CPU.ActiveCfg = Debug|Any CPU
		{01AC9E45-2971-4D9E-818D-C19E3095CDB3}.Debug|Any CPU.Build.0 = Debug|Any CPU
		{01AC9E45-2971-4D9E-818D-C19E3095CDB3}.Debug|Mixed Platforms.ActiveCfg = Debug|Any CPU
		{01AC9E45-2971-4D9E-818D-C19E3095CDB3}.Debug|Mixed Platforms.Build.0 = Debug|Any CPU
		{01AC9E45-2971-4D9E-818D-C19E3095CDB3}.Debug|x86.ActiveCfg = Debug|Any CPU
		{01AC9E45-2971-4D9E-818D-C19E3095CDB3}.Release|Any CPU.ActiveCfg = Release|Any CPU
		{01AC9E45-2971-4D9E-818D-C19E3095CDB3}.Release|Any CPU.Build.0 = Release|Any CPU
		{01AC9E45-2971-4D9E-818D-C19E3095CDB3}.Release|Mixed Platforms.ActiveCfg = Release|Any CPU
		{01AC9E45-2971-4D9E-818D-C19E3095CDB3}.Release|Mixed Platforms.Build.0 = Release|Any CPU
		{01AC9E45-2971-4D9E-818D-C19E3095CDB3}.Release|x86.ActiveCfg = Release|Any CPU
	EndGlobalSection
	GlobalSection(SolutionProperties) = preSolution
		HideSolutionNode = FALSE
	EndGlobalSection
	GlobalSection(ExtensibilityGlobals) = postSolution
		VisualSVNWorkingCopyRoot = .
	EndGlobalSection
EndGlobal
